dependencies:
- name: spark-operator
  repository: https://googlecloudplatform.github.io/spark-on-k8s-operator
  version: 1.1.7
- name: mongodb
  repository: https://charts.bitnami.com/bitnami
  version: 10.0.5
- name: minio
  repository: https://helm.min.io/
  version: 8.0.10
- name: nats
  repository: https://nats-io.github.io/k8s/helm/charts/
  version: 0.9.0
digest: sha256:3c47b88a92e9d50d756520fec5fbd84cd911cc1d4ec2ccee7e2514b6bc123cbe
generated: "2021-10-22T11:32:05.108534+02:00"
