dependencies:
- name: spark-operator
  repository: https://googlecloudplatform.github.io/spark-on-k8s-operator
  version: 1.1.1
- name: mongodb
  repository: https://charts.bitnami.com/bitnami
  version: 10.0.5
- name: minio
  repository: https://helm.min.io/
  version: 8.0.10
- name: nats
  repository: https://nats-io.github.io/k8s/helm/charts/
  version: 0.8.0
digest: sha256:93706e3b2419641516605ccabda79f3c54802544e176fa65d4a486a564c83b26
generated: "2021-05-23T10:12:00.571697+02:00"
