dependencies:
- name: spark-operator
  repository: https://googlecloudplatform.github.io/spark-on-k8s-operator
  version: 1.0.8
- name: mongodb
  repository: https://charts.bitnami.com/bitnami
  version: 10.0.5
- name: minio
  repository: https://helm.min.io/
  version: 8.0.10
- name: nats
  repository: https://nats-io.github.io/k8s/helm/charts/
  version: 0.7.4
digest: sha256:3ee79fa570bb53f385c2296d651ec3cd90b37e4ebead52ae47305b83f9a41ed0
generated: "2021-04-15T09:44:07.110131+02:00"
