dependencies:
- name: spark-operator
  repository: https://googlecloudplatform.github.io/spark-on-k8s-operator
  version: 1.0.8
- name: mongodb
  repository: https://charts.bitnami.com/bitnami
  version: 10.0.5
- name: minio
  repository: https://helm.min.io/
  version: 8.0.10
- name: nats
  repository: https://charts.bitnami.com/bitnami
  version: 6.2.5
digest: sha256:7b8baf924e688cb5df351a226efc43c5fe167f5d701f35cb95a98477a0a2baa8
generated: "2021-04-14T09:14:36.713689+02:00"
