dependencies:
- name: spark-operator
  repository: https://googlecloudplatform.github.io/spark-on-k8s-operator
  version: 1.0.8
- name: mongodb
  repository: https://charts.bitnami.com/bitnami
  version: 10.0.5
- name: redis
  repository: https://charts.bitnami.com/bitnami
  version: 12.1.1
- name: minio
  repository: https://helm.min.io/
  version: 8.0.10
- name: nats
  repository: https://charts.bitnami.com/bitnami
  version: 6.2.3
digest: sha256:a377d84b03d41ddfc843adb89c188df9650320bb6fd60ae7f1badf577e422fe9
generated: "2021-03-22T20:20:34.180112+01:00"
